
Microsoft Visual Studio Solution File, Format Version 10.00
# Visual Studio 2008
Project("{FAE04EC0-301F-11D3-BF4B-00C04F79EFBC}") = "cs_client", "cs_client.csproj", "{63885905-06AB-4FD7-ABF2-B5F86739D73B}"
EndProject
Global
	GlobalSection(SolutionConfigurationPlatforms) = preSolution
		Debug|Any CPU = Debug|Any CPU
		Release|Any CPU = Release|Any CPU
	EndGlobalSection
	GlobalSection(ProjectConfigurationPlatforms) = postSolution
		{63885905-06AB-4FD7-ABF2-B5F86739D73B}.Debug|Any CPU.ActiveCfg = Debug|Any CPU
		{63885905-06AB-4FD7-ABF2-B5F86739D73B}.Debug|Any CPU.Build.0 = Debug|Any CPU
		{63885905-06AB-4FD7-ABF2-B5F86739D73B}.Release|Any CPU.ActiveCfg = Release|Any CPU
		{63885905-06AB-4FD7-ABF2-B5F86739D73B}.Release|Any CPU.Build.0 = Release|Any CPU
	EndGlobalSection
	GlobalSection(SolutionProperties) = preSolution
		HideSolutionNode = FALSE
	EndGlobalSection
EndGlobal
